// !$*UTF8*$!
{
	archiveVersion = 1;
	classes = {
	};
	objectVersion = 46;
	objects = {

/* Begin PBXBuildFile section */
		8F3D91BE1AF82CCE002E2462 /* AppDelegate.swift in Sources */ = {isa = PBXBuildFile; fileRef = 8F3D91BD1AF82CCE002E2462 /* AppDelegate.swift */; };
		8F3D91C01AF82CCE002E2462 /* ViewController.swift in Sources */ = {isa = PBXBuildFile; fileRef = 8F3D91BF1AF82CCE002E2462 /* ViewController.swift */; };
		8F3D91C31AF82CCE002E2462 /* Main.storyboard in Resources */ = {isa = PBXBuildFile; fileRef = 8F3D91C11AF82CCE002E2462 /* Main.storyboard */; };
		8F3D91C51AF82CCE002E2462 /* Images.xcassets in Resources */ = {isa = PBXBuildFile; fileRef = 8F3D91C41AF82CCE002E2462 /* Images.xcassets */; };
		8F3D91C81AF82CCE002E2462 /* LaunchScreen.xib in Resources */ = {isa = PBXBuildFile; fileRef = 8F3D91C61AF82CCE002E2462 /* LaunchScreen.xib */; };
		8F3D91D41AF82CCE002E2462 /* download_web_contentTests.swift in Sources */ = {isa = PBXBuildFile; fileRef = 8F3D91D31AF82CCE002E2462 /* download_web_contentTests.swift */; };
/* End PBXBuildFile section */

/* Begin PBXContainerItemProxy section */
		8F3D91CE1AF82CCE002E2462 /* PBXContainerItemProxy */ = {
			isa = PBXContainerItemProxy;
			containerPortal = 8F3D91B01AF82CCE002E2462 /* Project object */;
			proxyType = 1;
			remoteGlobalIDString = 8F3D91B71AF82CCE002E2462;
			remoteInfo = "download-web-content";
		};
/* End PBXContainerItemProxy section */

/* Begin PBXFileReference section */
		8F3D91B81AF82CCE002E2462 /* download-web-content.app */ = {isa = PBXFileReference; explicitFileType = wrapper.application; includeInIndex = 0; path = "download-web-content.app"; sourceTree = BUILT_PRODUCTS_DIR; };
		8F3D91BC1AF82CCE002E2462 /* Info.plist */ = {isa = PBXFileReference; lastKnownFileType = text.plist.xml; path = Info.plist; sourceTree = "<group>"; };
		8F3D91BD1AF82CCE002E2462 /* AppDelegate.swift */ = {isa = PBXFileReference; lastKnownFileType = sourcecode.swift; path = AppDelegate.swift; sourceTree = "<group>"; };
		8F3D91BF1AF82CCE002E2462 /* ViewController.swift */ = {isa = PBXFileReference; lastKnownFileType = sourcecode.swift; path = ViewController.swift; sourceTree = "<group>"; };
		8F3D91C21AF82CCE002E2462 /* Base */ = {isa = PBXFileReference; lastKnownFileType = file.storyboard; name = Base; path = Base.lproj/Main.storyboard; sourceTree = "<group>"; };
		8F3D91C41AF82CCE002E2462 /* Images.xcassets */ = {isa = PBXFileReference; lastKnownFileType = folder.assetcatalog; path = Images.xcassets; sourceTree = "<group>"; };
		8F3D91C71AF82CCE002E2462 /* Base */ = {isa = PBXFileReference; lastKnownFileType = file.xib; name = Base; path = Base.lproj/LaunchScreen.xib; sourceTree = "<group>"; };
		8F3D91CD1AF82CCE002E2462 /* download-web-contentTests.xctest */ = {isa = PBXFileReference; explicitFileType = wrapper.cfbundle; includeInIndex = 0; path = "download-web-contentTests.xctest"; sourceTree = BUILT_PRODUCTS_DIR; };
		8F3D91D21AF82CCE002E2462 /* Info.plist */ = {isa = PBXFileReference; lastKnownFileType = text.plist.xml; path = Info.plist; sourceTree = "<group>"; };
		8F3D91D31AF82CCE002E2462 /* download_web_contentTests.swift */ = {isa = PBXFileReference; lastKnownFileType = sourcecode.swift; path = download_web_contentTests.swift; sourceTree = "<group>"; };
/* End PBXFileReference section */

/* Begin PBXFrameworksBuildPhase section */
		8F3D91B51AF82CCE002E2462 /* Frameworks */ = {
			isa = PBXFrameworksBuildPhase;
			buildActionMask = 2147483647;
			files = (
			);
			runOnlyForDeploymentPostprocessing = 0;
		};
		8F3D91CA1AF82CCE002E2462 /* Frameworks */ = {
			isa = PBXFrameworksBuildPhase;
			buildActionMask = 2147483647;
			files = (
			);
			runOnlyForDeploymentPostprocessing = 0;
		};
/* End PBXFrameworksBuildPhase section */

/* Begin PBXGroup section */
		8F3D91AF1AF82CCE002E2462 = {
			isa = PBXGroup;
			children = (
				8F3D91BA1AF82CCE002E2462 /* download-web-content */,
				8F3D91D01AF82CCE002E2462 /* download-web-contentTests */,
				8F3D91B91AF82CCE002E2462 /* Products */,
			);
			sourceTree = "<group>";
		};
		8F3D91B91AF82CCE002E2462 /* Products */ = {
			isa = PBXGroup;
			children = (
				8F3D91B81AF82CCE002E2462 /* download-web-content.app */,
				8F3D91CD1AF82CCE002E2462 /* download-web-contentTests.xctest */,
			);
			name = Products;
			sourceTree = "<group>";
		};
		8F3D91BA1AF82CCE002E2462 /* download-web-content */ = {
			isa = PBXGroup;
			children = (
				8F3D91BD1AF82CCE002E2462 /* AppDelegate.swift */,
				8F3D91BF1AF82CCE002E2462 /* ViewController.swift */,
				8F3D91C11AF82CCE002E2462 /* Main.storyboard */,
				8F3D91C41AF82CCE002E2462 /* Images.xcassets */,
				8F3D91C61AF82CCE002E2462 /* LaunchScreen.xib */,
				8F3D91BB1AF82CCE002E2462 /* Supporting Files */,
			);
			path = "download-web-content";
			sourceTree = "<group>";
		};
		8F3D91BB1AF82CCE002E2462 /* Supporting Files */ = {
			isa = PBXGroup;
			children = (
				8F3D91BC1AF82CCE002E2462 /* Info.plist */,
			);
			name = "Supporting Files";
			sourceTree = "<group>";
		};
		8F3D91D01AF82CCE002E2462 /* download-web-contentTests */ = {
			isa = PBXGroup;
			children = (
				8F3D91D31AF82CCE002E2462 /* download_web_contentTests.swift */,
				8F3D91D11AF82CCE002E2462 /* Supporting Files */,
			);
			path = "download-web-contentTests";
			sourceTree = "<group>";
		};
		8F3D91D11AF82CCE002E2462 /* Supporting Files */ = {
			isa = PBXGroup;
			children = (
				8F3D91D21AF82CCE002E2462 /* Info.plist */,
			);
			name = "Supporting Files";
			sourceTree = "<group>";
		};
/* End PBXGroup section */

/* Begin PBXNativeTarget section */
		8F3D91B71AF82CCE002E2462 /* download-web-content */ = {
			isa = PBXNativeTarget;
			buildConfigurationList = 8F3D91D71AF82CCE002E2462 /* Build configuration list for PBXNativeTarget "download-web-content" */;
			buildPhases = (
				8F3D91B41AF82CCE002E2462 /* Sources */,
				8F3D91B51AF82CCE002E2462 /* Frameworks */,
				8F3D91B61AF82CCE002E2462 /* Resources */,
			);
			buildRules = (
			);
			dependencies = (
			);
			name = "download-web-content";
			productName = "download-web-content";
			productReference = 8F3D91B81AF82CCE002E2462 /* download-web-content.app */;
			productType = "com.apple.product-type.application";
		};
		8F3D91CC1AF82CCE002E2462 /* download-web-contentTests */ = {
			isa = PBXNativeTarget;
			buildConfigurationList = 8F3D91DA1AF82CCE002E2462 /* Build configuration list for PBXNativeTarget "download-web-contentTests" */;
			buildPhases = (
				8F3D91C91AF82CCE002E2462 /* Sources */,
				8F3D91CA1AF82CCE002E2462 /* Frameworks */,
				8F3D91CB1AF82CCE002E2462 /* Resources */,
			);
			buildRules = (
			);
			dependencies = (
				8F3D91CF1AF82CCE002E2462 /* PBXTargetDependency */,
			);
			name = "download-web-contentTests";
			productName = "download-web-contentTests";
			productReference = 8F3D91CD1AF82CCE002E2462 /* download-web-contentTests.xctest */;
			productType = "com.apple.product-type.bundle.unit-test";
		};
/* End PBXNativeTarget section */

/* Begin PBXProject section */
		8F3D91B01AF82CCE002E2462 /* Project object */ = {
			isa = PBXProject;
			attributes = {
				LastUpgradeCheck = 0610;
				ORGANIZATIONNAME = fishsticks;
				TargetAttributes = {
					8F3D91B71AF82CCE002E2462 = {
						CreatedOnToolsVersion = 6.1.1;
					};
					8F3D91CC1AF82CCE002E2462 = {
						CreatedOnToolsVersion = 6.1.1;
						TestTargetID = 8F3D91B71AF82CCE002E2462;
					};
				};
			};
			buildConfigurationList = 8F3D91B31AF82CCE002E2462 /* Build configuration list for PBXProject "download-web-content" */;
			compatibilityVersion = "Xcode 3.2";
			developmentRegion = English;
			hasScannedForEncodings = 0;
			knownRegions = (
				en,
				Base,
			);
			mainGroup = 8F3D91AF1AF82CCE002E2462;
			productRefGroup = 8F3D91B91AF82CCE002E2462 /* Products */;
			projectDirPath = "";
			projectRoot = "";
			targets = (
				8F3D91B71AF82CCE002E2462 /* download-web-content */,
				8F3D91CC1AF82CCE002E2462 /* download-web-contentTests */,
			);
		};
/* End PBXProject section */

/* Begin PBXResourcesBuildPhase section */
		8F3D91B61AF82CCE002E2462 /* Resources */ = {
			isa = PBXResourcesBuildPhase;
			buildActionMask = 2147483647;
			files = (
				8F3D91C31AF82CCE002E2462 /* Main.storyboard in Resources */,
				8F3D91C81AF82CCE002E2462 /* LaunchScreen.xib in Resources */,
				8F3D91C51AF82CCE002E2462 /* Images.xcassets in Resources */,
			);
			runOnlyForDeploymentPostprocessing = 0;
		};
		8F3D91CB1AF82CCE002E2462 /* Resources */ = {
			isa = PBXResourcesBuildPhase;
			buildActionMask = 2147483647;
			files = (
			);
			runOnlyForDeploymentPostprocessing = 0;
		};
/* End PBXResourcesBuildPhase section */

/* Begin PBXSourcesBuildPhase section */
		8F3D91B41AF82CCE002E2462 /* Sources */ = {
			isa = PBXSourcesBuildPhase;
			buildActionMask = 2147483647;
			files = (
				8F3D91C01AF82CCE002E2462 /* ViewController.swift in Sources */,
				8F3D91BE1AF82CCE002E2462 /* AppDelegate.swift in Sources */,
			);
			runOnlyForDeploymentPostprocessing = 0;
		};
		8F3D91C91AF82CCE002E2462 /* Sources */ = {
			isa = PBXSourcesBuildPhase;
			buildActionMask = 2147483647;
			files = (
				8F3D91D41AF82CCE002E2462 /* download_web_contentTests.swift in Sources */,
			);
			runOnlyForDeploymentPostprocessing = 0;
		};
/* End PBXSourcesBuildPhase section */

/* Begin PBXTargetDependency section */
		8F3D91CF1AF82CCE002E2462 /* PBXTargetDependency */ = {
			isa = PBXTargetDependency;
			target = 8F3D91B71AF82CCE002E2462 /* download-web-content */;
			targetProxy = 8F3D91CE1AF82CCE002E2462 /* PBXContainerItemProxy */;
		};
/* End PBXTargetDependency section */

/* Begin PBXVariantGroup section */
		8F3D91C11AF82CCE002E2462 /* Main.storyboard */ = {
			isa = PBXVariantGroup;
			children = (
				8F3D91C21AF82CCE002E2462 /* Base */,
			);
			name = Main.storyboard;
			sourceTree = "<group>";
		};
		8F3D91C61AF82CCE002E2462 /* LaunchScreen.xib */ = {
			isa = PBXVariantGroup;
			children = (
				8F3D91C71AF82CCE002E2462 /* Base */,
			);
			name = LaunchScreen.xib;
			sourceTree = "<group>";
		};
/* End PBXVariantGroup section */

/* Begin XCBuildConfiguration section */
		8F3D91D51AF82CCE002E2462 /* Debug */ = {
			isa = XCBuildConfiguration;
			buildSettings = {
				ALWAYS_SEARCH_USER_PATHS = NO;
				CLANG_CXX_LANGUAGE_STANDARD = "gnu++0x";
				CLANG_CXX_LIBRARY = "libc++";
				CLANG_ENABLE_MODULES = YES;
				CLANG_ENABLE_OBJC_ARC = YES;
				CLANG_WARN_BOOL_CONVERSION = YES;
				CLANG_WARN_CONSTANT_CONVERSION = YES;
				CLANG_WARN_DIRECT_OBJC_ISA_USAGE = YES_ERROR;
				CLANG_WARN_EMPTY_BODY = YES;
				CLANG_WARN_ENUM_CONVERSION = YES;
				CLANG_WARN_INT_CONVERSION = YES;
				CLANG_WARN_OBJC_ROOT_CLASS = YES_ERROR;
				CLANG_WARN_UNREACHABLE_CODE = YES;
				CLANG_WARN__DUPLICATE_METHOD_MATCH = YES;
				"CODE_SIGN_IDENTITY[sdk=iphoneos*]" = "iPhone Developer";
				COPY_PHASE_STRIP = NO;
				ENABLE_STRICT_OBJC_MSGSEND = YES;
				GCC_C_LANGUAGE_STANDARD = gnu99;
				GCC_DYNAMIC_NO_PIC = NO;
				GCC_OPTIMIZATION_LEVEL = 0;
				GCC_PREPROCESSOR_DEFINITIONS = (
					"DEBUG=1",
					"$(inherited)",
				);
				GCC_SYMBOLS_PRIVATE_EXTERN = NO;
				GCC_WARN_64_TO_32_BIT_CONVERSION = YES;
				GCC_WARN_ABOUT_RETURN_TYPE = YES_ERROR;
				GCC_WARN_UNDECLARED_SELECTOR = YES;
				GCC_WARN_UNINITIALIZED_AUTOS = YES_AGGRESSIVE;
				GCC_WARN_UNUSED_FUNCTION = YES;
				GCC_WARN_UNUSED_VARIABLE = YES;
				IPHONEOS_DEPLOYMENT_TARGET = 8.1;
				MTL_ENABLE_DEBUG_INFO = YES;
				ONLY_ACTIVE_ARCH = YES;
				SDKROOT = iphoneos;
				SWIFT_OPTIMIZATION_LEVEL = "-Onone";
			};
			name = Debug;
		};
		8F3D91D61AF82CCE002E2462 /* Release */ = {
			isa = XCBuildConfiguration;
			buildSettings = {
				ALWAYS_SEARCH_USER_PATHS = NO;
				CLANG_CXX_LANGUAGE_STANDARD = "gnu++0x";
				CLANG_CXX_LIBRARY = "libc++";
				CLANG_ENABLE_MODULES = YES;
				CLANG_ENABLE_OBJC_ARC = YES;
				CLANG_WARN_BOOL_CONVERSION = YES;
				CLANG_WARN_CONSTANT_CONVERSION = YES;
				CLANG_WARN_DIRECT_OBJC_ISA_USAGE = YES_ERROR;
				CLANG_WARN_EMPTY_BODY = YES;
				CLANG_WARN_ENUM_CONVERSION = YES;
				CLANG_WARN_INT_CONVERSION = YES;
				CLANG_WARN_OBJC_ROOT_CLASS = YES_ERROR;
				CLANG_WARN_UNREACHABLE_CODE = YES;
				CLANG_WARN__DUPLICATE_METHOD_MATCH = YES;
				"CODE_SIGN_IDENTITY[sdk=iphoneos*]" = "iPhone Developer";
				COPY_PHASE_STRIP = YES;
				ENABLE_NS_ASSERTIONS = NO;
				ENABLE_STRICT_OBJC_MSGSEND = YES;
				GCC_C_LANGUAGE_STANDARD = gnu99;
				GCC_WARN_64_TO_32_BIT_CONVERSION = YES;
				GCC_WARN_ABOUT_RETURN_TYPE = YES_ERROR;
				GCC_WARN_UNDECLARED_SELECTOR = YES;
				GCC_WARN_UNINITIALIZED_AUTOS = YES_AGGRESSIVE;
				GCC_WARN_UNUSED_FUNCTION = YES;
				GCC_WARN_UNUSED_VARIABLE = YES;
				IPHONEOS_DEPLOYMENT_TARGET = 8.1;
				MTL_ENABLE_DEBUG_INFO = NO;
				SDKROOT = iphoneos;
				VALIDATE_PRODUCT = YES;
			};
			name = Release;
		};
		8F3D91D81AF82CCE002E2462 /* Debug */ = {
			isa = XCBuildConfiguration;
			buildSettings = {
				ASSETCATALOG_COMPILER_APPICON_NAME = AppIcon;
				INFOPLIST_FILE = "download-web-content/Info.plist";
				LD_RUNPATH_SEARCH_PATHS = "$(inherited) @executable_path/Frameworks";
				PRODUCT_NAME = "$(TARGET_NAME)";
			};
			name = Debug;
		};
		8F3D91D91AF82CCE002E2462 /* Release */ = {
			isa = XCBuildConfiguration;
			buildSettings = {
				ASSETCATALOG_COMPILER_APPICON_NAME = AppIcon;
				INFOPLIST_FILE = "download-web-content/Info.plist";
				LD_RUNPATH_SEARCH_PATHS = "$(inherited) @executable_path/Frameworks";
				PRODUCT_NAME = "$(TARGET_NAME)";
			};
			name = Release;
		};
		8F3D91DB1AF82CCE002E2462 /* Debug */ = {
			isa = XCBuildConfiguration;
			buildSettings = {
				BUNDLE_LOADER = "$(TEST_HOST)";
				FRAMEWORK_SEARCH_PATHS = (
					"$(SDKROOT)/Developer/Library/Frameworks",
					"$(inherited)",
				);
				GCC_PREPROCESSOR_DEFINITIONS = (
					"DEBUG=1",
					"$(inherited)",
				);
				INFOPLIST_FILE = "download-web-contentTests/Info.plist";
				LD_RUNPATH_SEARCH_PATHS = "$(inherited) @executable_path/Frameworks @loader_path/Frameworks";
				PRODUCT_NAME = "$(TARGET_NAME)";
				TEST_HOST = "$(BUILT_PRODUCTS_DIR)/download-web-content.app/download-web-content";
			};
			name = Debug;
		};
		8F3D91DC1AF82CCE002E2462 /* Release */ = {
			isa = XCBuildConfiguration;
			buildSettings = {
				BUNDLE_LOADER = "$(TEST_HOST)";
				FRAMEWORK_SEARCH_PATHS = (
					"$(SDKROOT)/Developer/Library/Frameworks",
					"$(inherited)",
				);
				INFOPLIST_FILE = "download-web-contentTests/Info.plist";
				LD_RUNPATH_SEARCH_PATHS = "$(inherited) @executable_path/Frameworks @loader_path/Frameworks";
				PRODUCT_NAME = "$(TARGET_NAME)";
				TEST_HOST = "$(BUILT_PRODUCTS_DIR)/download-web-content.app/download-web-content";
			};
			name = Release;
		};
/* End XCBuildConfiguration section */

/* Begin XCConfigurationList section */
		8F3D91B31AF82CCE002E2462 /* Build configuration list for PBXProject "download-web-content" */ = {
			isa = XCConfigurationList;
			buildConfigurations = (
				8F3D91D51AF82CCE002E2462 /* Debug */,
				8F3D91D61AF82CCE002E2462 /* Release */,
			);
			defaultConfigurationIsVisible = 0;
			defaultConfigurationName = Release;
		};
		8F3D91D71AF82CCE002E2462 /* Build configuration list for PBXNativeTarget "download-web-content" */ = {
			isa = XCConfigurationList;
			buildConfigurations = (
				8F3D91D81AF82CCE002E2462 /* Debug */,
				8F3D91D91AF82CCE002E2462 /* Release */,
			);
			defaultConfigurationIsVisible = 0;
		};
		8F3D91DA1AF82CCE002E2462 /* Build configuration list for PBXNativeTarget "download-web-contentTests" */ = {
			isa = XCConfigurationList;
			buildConfigurations = (
				8F3D91DB1AF82CCE002E2462 /* Debug */,
				8F3D91DC1AF82CCE002E2462 /* Release */,
			);
			defaultConfigurationIsVisible = 0;
		};
/* End XCConfigurationList section */
	};
	rootObject = 8F3D91B01AF82CCE002E2462 /* Project object */;
}
